
Microsoft Visual Studio Solution File, Format Version 12.00
# Visual Studio Version 16
VisualStudioVersion = 16.0.31727.386
MinimumVisualStudioVersion = 10.0.40219.1
Project("{FAE04EC0-301F-11D3-BF4B-00C04F79EFBC}") = "FloeAntlr", "FloeAntlr\FloeAntlr.csproj", "{1D0A952A-2D67-4052-9D1E-36321FBCE6F6}"
EndProject
Project("{FAE04EC0-301F-11D3-BF4B-00C04F79EFBC}") = "Grammar", "Grammar\Grammar.csproj", "{6506285B-2CA7-4B88-A904-17016FFEDD48}"
EndProject
Global
	GlobalSection(SolutionConfigurationPlatforms) = preSolution
		Debug|Any CPU = Debug|Any CPU
		Release|Any CPU = Release|Any CPU
	EndGlobalSection
	GlobalSection(ProjectConfigurationPlatforms) = postSolution
		{1D0A952A-2D67-4052-9D1E-36321FBCE6F6}.Debug|Any CPU.ActiveCfg = Debug|Any CPU
		{1D0A952A-2D67-4052-9D1E-36321FBCE6F6}.Debug|Any CPU.Build.0 = Debug|Any CPU
		{1D0A952A-2D67-4052-9D1E-36321FBCE6F6}.Release|Any CPU.ActiveCfg = Release|Any CPU
		{1D0A952A-2D67-4052-9D1E-36321FBCE6F6}.Release|Any CPU.Build.0 = Release|Any CPU
		{6506285B-2CA7-4B88-A904-17016FFEDD48}.Debug|Any CPU.ActiveCfg = Debug|Any CPU
		{6506285B-2CA7-4B88-A904-17016FFEDD48}.Debug|Any CPU.Build.0 = Debug|Any CPU
		{6506285B-2CA7-4B88-A904-17016FFEDD48}.Release|Any CPU.ActiveCfg = Release|Any CPU
		{6506285B-2CA7-4B88-A904-17016FFEDD48}.Release|Any CPU.Build.0 = Release|Any CPU
	EndGlobalSection
	GlobalSection(SolutionProperties) = preSolution
		HideSolutionNode = FALSE
	EndGlobalSection
	GlobalSection(ExtensibilityGlobals) = postSolution
		SolutionGuid = {24A1B880-E618-44C2-948A-3649A2BCCF34}
	EndGlobalSection
EndGlobal
